
Microsoft Visual Studio Solution File, Format Version 12.00
# Visual Studio Version 17
VisualStudioVersion = 17.13.35931.197
MinimumVisualStudioVersion = 10.0.40219.1
Project("{2150E333-8FDC-42A3-9474-1A3956D46DE8}") = "Services", "Services", "{02EA681E-C7D8-13C7-8484-4AC65E1B71E8}"
EndProject
Project("{2150E333-8FDC-42A3-9474-1A3956D46DE8}") = "Catalog", "Catalog", "{E9DAF75D-37D6-4D59-9E7A-A62D065F862C}"
EndProject
Project("{FAE04EC0-301F-11D3-BF4B-00C04F79EFBC}") = "Catalog.API", "Services\Catalog\Catalog.API\Catalog.API.csproj", "{403389CB-BF8F-43D2-B375-26152141506F}"
EndProject
Project("{2150E333-8FDC-42A3-9474-1A3956D46DE8}") = "BuildingBlocks", "BuildingBlocks", "{97B267DA-ACD0-4F6E-822E-39E0221AC96D}"
EndProject
Project("{FAE04EC0-301F-11D3-BF4B-00C04F79EFBC}") = "BuildingBlocks", "BuildingBlocks\BuildingBlocks\BuildingBlocks.csproj", "{1B40F37B-95E9-4B10-9DDB-64756CB770F4}"
EndProject
Global
	GlobalSection(SolutionConfigurationPlatforms) = preSolution
		Debug|Any CPU = Debug|Any CPU
		Release|Any CPU = Release|Any CPU
	EndGlobalSection
	GlobalSection(ProjectConfigurationPlatforms) = postSolution
		{403389CB-BF8F-43D2-B375-26152141506F}.Debug|Any CPU.ActiveCfg = Debug|Any CPU
		{403389CB-BF8F-43D2-B375-26152141506F}.Debug|Any CPU.Build.0 = Debug|Any CPU
		{403389CB-BF8F-43D2-B375-26152141506F}.Release|Any CPU.ActiveCfg = Release|Any CPU
		{403389CB-BF8F-43D2-B375-26152141506F}.Release|Any CPU.Build.0 = Release|Any CPU
		{1B40F37B-95E9-4B10-9DDB-64756CB770F4}.Debug|Any CPU.ActiveCfg = Debug|Any CPU
		{1B40F37B-95E9-4B10-9DDB-64756CB770F4}.Debug|Any CPU.Build.0 = Debug|Any CPU
		{1B40F37B-95E9-4B10-9DDB-64756CB770F4}.Release|Any CPU.ActiveCfg = Release|Any CPU
		{1B40F37B-95E9-4B10-9DDB-64756CB770F4}.Release|Any CPU.Build.0 = Release|Any CPU
	EndGlobalSection
	GlobalSection(SolutionProperties) = preSolution
		HideSolutionNode = FALSE
	EndGlobalSection
	GlobalSection(NestedProjects) = preSolution
		{E9DAF75D-37D6-4D59-9E7A-A62D065F862C} = {02EA681E-C7D8-13C7-8484-4AC65E1B71E8}
		{403389CB-BF8F-43D2-B375-26152141506F} = {E9DAF75D-37D6-4D59-9E7A-A62D065F862C}
		{1B40F37B-95E9-4B10-9DDB-64756CB770F4} = {97B267DA-ACD0-4F6E-822E-39E0221AC96D}
	EndGlobalSection
	GlobalSection(ExtensibilityGlobals) = postSolution
		SolutionGuid = {FFB8C07C-CFC6-46BF-A76B-C65A267994C2}
	EndGlobalSection
EndGlobal
